
Microsoft Visual Studio Solution File, Format Version 12.00
# Visual Studio Version 17
VisualStudioVersion = 17.8.34408.163
MinimumVisualStudioVersion = 10.0.40219.1
Project("{2150E333-8FDC-42A3-9474-1A3956D46DE8}") = "Services", "Services", "{53A5146B-793E-4FD7-A16C-6031B00CC3FA}"
EndProject
Project("{9A19103F-16F7-4668-BE54-9A1E7A4F7556}") = "Catalogue.API", "Services\Catalogue.API\Catalogue.API.csproj", "{052055FB-4BB7-4FC0-845F-006E18614B69}"
EndProject
Project("{E53339B2-1760-4266-BCC7-CA923CBCF16C}") = "docker-compose", "docker-compose.dcproj", "{B3D26CB9-36EA-47F4-A726-4673E35AC2EC}"
EndProject
Project("{2150E333-8FDC-42A3-9474-1A3956D46DE8}") = "Catalogue", "Catalogue", "{263FDD4F-2F1B-4D96-ACAD-46C0B5BD1A40}"
EndProject
Project("{2150E333-8FDC-42A3-9474-1A3956D46DE8}") = "Cart", "Cart", "{F720C6CE-E819-4819-9D3A-AA2F85D116EE}"
EndProject
Project("{9A19103F-16F7-4668-BE54-9A1E7A4F7556}") = "Cart.API", "Services\Cart.API\Cart.API.csproj", "{EA577348-5F7B-426F-90AC-CBCCAF997833}"
EndProject
Project("{2150E333-8FDC-42A3-9474-1A3956D46DE8}") = "Discount", "Discount", "{962DFF45-01AA-4D4D-9A85-32F41CB655A8}"
EndProject
Project("{9A19103F-16F7-4668-BE54-9A1E7A4F7556}") = "Discount.API", "Services\Discount\Discount.API\Discount.API.csproj", "{967C390A-D9A0-4356-BECB-6A0F8E450E90}"
EndProject
Project("{FAE04EC0-301F-11D3-BF4B-00C04F79EFBC}") = "Discount.Grpc", "Services\Discount\Discount.Grpc\Discount.Grpc.csproj", "{675C8217-6FDE-451E-809D-C95209933D7D}"
EndProject
Global
	GlobalSection(SolutionConfigurationPlatforms) = preSolution
		Debug|Any CPU = Debug|Any CPU
		Release|Any CPU = Release|Any CPU
	EndGlobalSection
	GlobalSection(ProjectConfigurationPlatforms) = postSolution
		{052055FB-4BB7-4FC0-845F-006E18614B69}.Debug|Any CPU.ActiveCfg = Debug|Any CPU
		{052055FB-4BB7-4FC0-845F-006E18614B69}.Debug|Any CPU.Build.0 = Debug|Any CPU
		{052055FB-4BB7-4FC0-845F-006E18614B69}.Release|Any CPU.ActiveCfg = Release|Any CPU
		{052055FB-4BB7-4FC0-845F-006E18614B69}.Release|Any CPU.Build.0 = Release|Any CPU
		{B3D26CB9-36EA-47F4-A726-4673E35AC2EC}.Debug|Any CPU.ActiveCfg = Debug|Any CPU
		{B3D26CB9-36EA-47F4-A726-4673E35AC2EC}.Debug|Any CPU.Build.0 = Debug|Any CPU
		{B3D26CB9-36EA-47F4-A726-4673E35AC2EC}.Release|Any CPU.ActiveCfg = Release|Any CPU
		{B3D26CB9-36EA-47F4-A726-4673E35AC2EC}.Release|Any CPU.Build.0 = Release|Any CPU
		{EA577348-5F7B-426F-90AC-CBCCAF997833}.Debug|Any CPU.ActiveCfg = Debug|Any CPU
		{EA577348-5F7B-426F-90AC-CBCCAF997833}.Debug|Any CPU.Build.0 = Debug|Any CPU
		{EA577348-5F7B-426F-90AC-CBCCAF997833}.Release|Any CPU.ActiveCfg = Release|Any CPU
		{EA577348-5F7B-426F-90AC-CBCCAF997833}.Release|Any CPU.Build.0 = Release|Any CPU
		{967C390A-D9A0-4356-BECB-6A0F8E450E90}.Debug|Any CPU.ActiveCfg = Debug|Any CPU
		{967C390A-D9A0-4356-BECB-6A0F8E450E90}.Debug|Any CPU.Build.0 = Debug|Any CPU
		{967C390A-D9A0-4356-BECB-6A0F8E450E90}.Release|Any CPU.ActiveCfg = Release|Any CPU
		{967C390A-D9A0-4356-BECB-6A0F8E450E90}.Release|Any CPU.Build.0 = Release|Any CPU
		{675C8217-6FDE-451E-809D-C95209933D7D}.Debug|Any CPU.ActiveCfg = Debug|Any CPU
		{675C8217-6FDE-451E-809D-C95209933D7D}.Debug|Any CPU.Build.0 = Debug|Any CPU
		{675C8217-6FDE-451E-809D-C95209933D7D}.Release|Any CPU.ActiveCfg = Release|Any CPU
		{675C8217-6FDE-451E-809D-C95209933D7D}.Release|Any CPU.Build.0 = Release|Any CPU
	EndGlobalSection
	GlobalSection(SolutionProperties) = preSolution
		HideSolutionNode = FALSE
	EndGlobalSection
	GlobalSection(NestedProjects) = preSolution
		{052055FB-4BB7-4FC0-845F-006E18614B69} = {263FDD4F-2F1B-4D96-ACAD-46C0B5BD1A40}
		{263FDD4F-2F1B-4D96-ACAD-46C0B5BD1A40} = {53A5146B-793E-4FD7-A16C-6031B00CC3FA}
		{F720C6CE-E819-4819-9D3A-AA2F85D116EE} = {53A5146B-793E-4FD7-A16C-6031B00CC3FA}
		{EA577348-5F7B-426F-90AC-CBCCAF997833} = {F720C6CE-E819-4819-9D3A-AA2F85D116EE}
		{962DFF45-01AA-4D4D-9A85-32F41CB655A8} = {53A5146B-793E-4FD7-A16C-6031B00CC3FA}
		{967C390A-D9A0-4356-BECB-6A0F8E450E90} = {962DFF45-01AA-4D4D-9A85-32F41CB655A8}
		{675C8217-6FDE-451E-809D-C95209933D7D} = {962DFF45-01AA-4D4D-9A85-32F41CB655A8}
	EndGlobalSection
	GlobalSection(ExtensibilityGlobals) = postSolution
		SolutionGuid = {2308349C-4845-411F-9607-4DD73C07B51E}
	EndGlobalSection
EndGlobal
